
Microsoft Visual Studio Solution File, Format Version 12.00
# Visual Studio Version 17
VisualStudioVersion = 17.10.34928.147
MinimumVisualStudioVersion = 10.0.40219.1
Project("{9A19103F-16F7-4668-BE54-9A1E7A4F7556}") = "WebAPI", "WebAPI\WebAPI.csproj", "{3F5E96AB-3C57-42A7-AF7B-F4106B2DE260}"
EndProject
Project("{9A19103F-16F7-4668-BE54-9A1E7A4F7556}") = "Core", "Core\Core.csproj", "{E2DDFE8A-D122-416B-BE8C-6450B377A7E4}"
EndProject
Project("{9A19103F-16F7-4668-BE54-9A1E7A4F7556}") = "Entities", "Entities\Entities.csproj", "{657187F3-E5F0-4D29-9F49-AF7E987E6C6D}"
EndProject
Project("{9A19103F-16F7-4668-BE54-9A1E7A4F7556}") = "DataAccess", "DataAccess\DataAccess.csproj", "{5AB95687-A969-4FD1-BCA2-DA92564927C0}"
EndProject
Project("{FAE04EC0-301F-11D3-BF4B-00C04F79EFBC}") = "Business", "Business\Business.csproj", "{E625A80D-A5A8-4E8C-A754-8DB268A611C8}"
EndProject
Global
	GlobalSection(SolutionConfigurationPlatforms) = preSolution
		Debug|Any CPU = Debug|Any CPU
		Release|Any CPU = Release|Any CPU
	EndGlobalSection
	GlobalSection(ProjectConfigurationPlatforms) = postSolution
		{3F5E96AB-3C57-42A7-AF7B-F4106B2DE260}.Debug|Any CPU.ActiveCfg = Debug|Any CPU
		{3F5E96AB-3C57-42A7-AF7B-F4106B2DE260}.Debug|Any CPU.Build.0 = Debug|Any CPU
		{3F5E96AB-3C57-42A7-AF7B-F4106B2DE260}.Release|Any CPU.ActiveCfg = Release|Any CPU
		{3F5E96AB-3C57-42A7-AF7B-F4106B2DE260}.Release|Any CPU.Build.0 = Release|Any CPU
		{E2DDFE8A-D122-416B-BE8C-6450B377A7E4}.Debug|Any CPU.ActiveCfg = Debug|Any CPU
		{E2DDFE8A-D122-416B-BE8C-6450B377A7E4}.Debug|Any CPU.Build.0 = Debug|Any CPU
		{E2DDFE8A-D122-416B-BE8C-6450B377A7E4}.Release|Any CPU.ActiveCfg = Release|Any CPU
		{E2DDFE8A-D122-416B-BE8C-6450B377A7E4}.Release|Any CPU.Build.0 = Release|Any CPU
		{657187F3-E5F0-4D29-9F49-AF7E987E6C6D}.Debug|Any CPU.ActiveCfg = Debug|Any CPU
		{657187F3-E5F0-4D29-9F49-AF7E987E6C6D}.Debug|Any CPU.Build.0 = Debug|Any CPU
		{657187F3-E5F0-4D29-9F49-AF7E987E6C6D}.Release|Any CPU.ActiveCfg = Release|Any CPU
		{657187F3-E5F0-4D29-9F49-AF7E987E6C6D}.Release|Any CPU.Build.0 = Release|Any CPU
		{5AB95687-A969-4FD1-BCA2-DA92564927C0}.Debug|Any CPU.ActiveCfg = Debug|Any CPU
		{5AB95687-A969-4FD1-BCA2-DA92564927C0}.Debug|Any CPU.Build.0 = Debug|Any CPU
		{5AB95687-A969-4FD1-BCA2-DA92564927C0}.Release|Any CPU.ActiveCfg = Release|Any CPU
		{5AB95687-A969-4FD1-BCA2-DA92564927C0}.Release|Any CPU.Build.0 = Release|Any CPU
		{E625A80D-A5A8-4E8C-A754-8DB268A611C8}.Debug|Any CPU.ActiveCfg = Debug|Any CPU
		{E625A80D-A5A8-4E8C-A754-8DB268A611C8}.Debug|Any CPU.Build.0 = Debug|Any CPU
		{E625A80D-A5A8-4E8C-A754-8DB268A611C8}.Release|Any CPU.ActiveCfg = Release|Any CPU
		{E625A80D-A5A8-4E8C-A754-8DB268A611C8}.Release|Any CPU.Build.0 = Release|Any CPU
	EndGlobalSection
	GlobalSection(SolutionProperties) = preSolution
		HideSolutionNode = FALSE
	EndGlobalSection
	GlobalSection(ExtensibilityGlobals) = postSolution
		SolutionGuid = {446FCE83-3848-472F-A823-7699F1EA462D}
	EndGlobalSection
EndGlobal
